
Microsoft Visual Studio Solution File, Format Version 12.00
# Visual Studio 15
VisualStudioVersion = 15.0.28010.2026
MinimumVisualStudioVersion = 10.0.40219.1
Project("{FAE04EC0-301F-11D3-BF4B-00C04F79EFBC}") = "ToDoAPI1", "ToDoAPI1\ToDoAPI1.csproj", "{218FDE48-BF4E-4874-89E1-BC7F43399FBB}"
EndProject
Global
	GlobalSection(SolutionConfigurationPlatforms) = preSolution
		Debug|Any CPU = Debug|Any CPU
		Release|Any CPU = Release|Any CPU
	EndGlobalSection
	GlobalSection(ProjectConfigurationPlatforms) = postSolution
		{218FDE48-BF4E-4874-89E1-BC7F43399FBB}.Debug|Any CPU.ActiveCfg = Debug|Any CPU
		{218FDE48-BF4E-4874-89E1-BC7F43399FBB}.Debug|Any CPU.Build.0 = Debug|Any CPU
		{218FDE48-BF4E-4874-89E1-BC7F43399FBB}.Release|Any CPU.ActiveCfg = Release|Any CPU
		{218FDE48-BF4E-4874-89E1-BC7F43399FBB}.Release|Any CPU.Build.0 = Release|Any CPU
	EndGlobalSection
	GlobalSection(SolutionProperties) = preSolution
		HideSolutionNode = FALSE
	EndGlobalSection
	GlobalSection(ExtensibilityGlobals) = postSolution
		SolutionGuid = {2B60D766-29C6-4398-9B6E-3D80FF73F1B5}
	EndGlobalSection
EndGlobal
